
Microsoft Visual Studio Solution File, Format Version 12.00
# Visual Studio Version 16
VisualStudioVersion = 25.0.1706.9
MinimumVisualStudioVersion = 10.0.40219.1
Project("{FAE04EC0-301F-11D3-BF4B-00C04F79EFBC}") = "tpmodul10_1302223047", "tpmodul10_1302223047\tpmodul10_1302223047.csproj", "{FB8BF4AF-59CB-4CF2-877C-3A4BEB8964A5}"
EndProject
Global
	GlobalSection(SolutionConfigurationPlatforms) = preSolution
		Debug|Any CPU = Debug|Any CPU
		Release|Any CPU = Release|Any CPU
	EndGlobalSection
	GlobalSection(ProjectConfigurationPlatforms) = postSolution
		{FB8BF4AF-59CB-4CF2-877C-3A4BEB8964A5}.Debug|Any CPU.ActiveCfg = Debug|Any CPU
		{FB8BF4AF-59CB-4CF2-877C-3A4BEB8964A5}.Debug|Any CPU.Build.0 = Debug|Any CPU
		{FB8BF4AF-59CB-4CF2-877C-3A4BEB8964A5}.Release|Any CPU.ActiveCfg = Release|Any CPU
		{FB8BF4AF-59CB-4CF2-877C-3A4BEB8964A5}.Release|Any CPU.Build.0 = Release|Any CPU
	EndGlobalSection
	GlobalSection(SolutionProperties) = preSolution
		HideSolutionNode = FALSE
	EndGlobalSection
	GlobalSection(ExtensibilityGlobals) = postSolution
		SolutionGuid = {5BF4CED1-B33C-4B4A-B707-1169D6BEA8E7}
	EndGlobalSection
EndGlobal
